
Microsoft Visual Studio Solution File, Format Version 12.00
# Visual Studio 2013
Project("{FAE04EC0-301F-11D3-BF4B-00C04F79EFBC}") = "ServiceExample.Tester", "ServiceExample.Tester\ServiceExample.Tester.csproj", "{90EFF226-026E-4EAC-84D8-0EDF4B83310B}"
EndProject
Project("{FAE04EC0-301F-11D3-BF4B-00C04F79EFBC}") = "ServiceExample", "ServiceExample\ServiceExample.csproj", "{BE029D31-0BAB-44BD-AFEB-09C0293EF518}"
EndProject
Global
	GlobalSection(SolutionConfigurationPlatforms) = preSolution
		Debug|Any CPU = Debug|Any CPU
		Release|Any CPU = Release|Any CPU
	EndGlobalSection
	GlobalSection(ProjectConfigurationPlatforms) = postSolution
		{90EFF226-026E-4EAC-84D8-0EDF4B83310B}.Debug|Any CPU.ActiveCfg = Debug|Any CPU
		{90EFF226-026E-4EAC-84D8-0EDF4B83310B}.Debug|Any CPU.Build.0 = Debug|Any CPU
		{90EFF226-026E-4EAC-84D8-0EDF4B83310B}.Release|Any CPU.ActiveCfg = Release|Any CPU
		{90EFF226-026E-4EAC-84D8-0EDF4B83310B}.Release|Any CPU.Build.0 = Release|Any CPU
		{BE029D31-0BAB-44BD-AFEB-09C0293EF518}.Debug|Any CPU.ActiveCfg = Debug|Any CPU
		{BE029D31-0BAB-44BD-AFEB-09C0293EF518}.Debug|Any CPU.Build.0 = Debug|Any CPU
		{BE029D31-0BAB-44BD-AFEB-09C0293EF518}.Release|Any CPU.ActiveCfg = Release|Any CPU
		{BE029D31-0BAB-44BD-AFEB-09C0293EF518}.Release|Any CPU.Build.0 = Release|Any CPU
	EndGlobalSection
	GlobalSection(SolutionProperties) = preSolution
		HideSolutionNode = FALSE
	EndGlobalSection
EndGlobal
